
Microsoft Visual Studio Solution File, Format Version 12.00
# Visual Studio Version 17
VisualStudioVersion = 17.7.34003.232
MinimumVisualStudioVersion = 10.0.40219.1
Project("{FAE04EC0-301F-11D3-BF4B-00C04F79EFBC}") = "RIO", "RIO.csproj", "{73060F63-DB0D-4EC5-B8BD-5CC3F74B64EE}"
EndProject
Global
	GlobalSection(SolutionConfigurationPlatforms) = preSolution
		Debug|Any CPU = Debug|Any CPU
		Release|Any CPU = Release|Any CPU
	EndGlobalSection
	GlobalSection(ProjectConfigurationPlatforms) = postSolution
		{73060F63-DB0D-4EC5-B8BD-5CC3F74B64EE}.Debug|Any CPU.ActiveCfg = Debug|Any CPU
		{73060F63-DB0D-4EC5-B8BD-5CC3F74B64EE}.Debug|Any CPU.Build.0 = Debug|Any CPU
		{73060F63-DB0D-4EC5-B8BD-5CC3F74B64EE}.Release|Any CPU.ActiveCfg = Release|Any CPU
		{73060F63-DB0D-4EC5-B8BD-5CC3F74B64EE}.Release|Any CPU.Build.0 = Release|Any CPU
	EndGlobalSection
	GlobalSection(SolutionProperties) = preSolution
		HideSolutionNode = FALSE
	EndGlobalSection
	GlobalSection(ExtensibilityGlobals) = postSolution
		SolutionGuid = {8468C0E6-05B0-4652-97CC-23019E2B6DEE}
	EndGlobalSection
EndGlobal
